# This file was autogenerated by Stack.
# You should not edit this file by hand.
# For more information, please see the documentation at:
#   https://docs.haskellstack.org/en/stable/lock_files

packages:
- completed:
    hackage: ede-0.2.9@sha256:062198b65a661f015bff53c15d53d0b63eac547d44b09d96b7fb8d27752dfc79,3561
    pantry-tree:
      size: 5392
      sha256: ee8d76f8f1ca483f29233498833c7159774efc3c0cb14027703cefac79c41315
  original:
    hackage: ede-0.2.9
- completed:
    hackage: text-regex-replace-0.1.1.1@sha256:fc71a4a604e73c8fd532ed29820cff6559a606d51b73b61abd6283b30928e5a9,2005
    pantry-tree:
      size: 360
      sha256: 3428c17d8b8941c95a9ac7c9de8b74f64c8200f2ab6113ebd13a44625a70b394
  original:
    hackage: text-regex-replace-0.1.1.1
snapshots:
- completed:
    size: 507596
    url: https://raw.githubusercontent.com/commercialhaskell/stackage-snapshots/master/lts/11/9.yaml
    sha256: 42f472dbf06482da1b3319241f3e3b3593a45bd7d4f537d2789f21386b9b2ad3
  original: lts-11.9
